// !$*UTF8*$!
{
	archiveVersion = 1;
	classes = {
	};
	objectVersion = 51;
	objects = {

/* Begin PBXBuildFile section */
		2BFFE2AE2360596700010BA9 /* AppDelegate.swift in Sources */ = {isa = PBXBuildFile; fileRef = 2BFFE2AD2360596700010BA9 /* AppDelegate.swift */; };
		2BFFE2B22360596700010BA9 /* ViewController.swift in Sources */ = {isa = PBXBuildFile; fileRef = 2BFFE2B12360596700010BA9 /* ViewController.swift */; };
		2BFFE2B52360596700010BA9 /* Main.storyboard in Resources */ = {isa = PBXBuildFile; fileRef = 2BFFE2B32360596700010BA9 /* Main.storyboard */; };
		2BFFE2B72360596A00010BA9 /* Assets.xcassets in Resources */ = {isa = PBXBuildFile; fileRef = 2BFFE2B62360596A00010BA9 /* Assets.xcassets */; };
		2BFFE2BA2360596A00010BA9 /* LaunchScreen.storyboard in Resources */ = {isa = PBXBuildFile; fileRef = 2BFFE2B82360596A00010BA9 /* LaunchScreen.storyboard */; };
		2BFFE2C423605A6D00010BA9 /* TYHBaseTool.podspec in Resources */ = {isa = PBXBuildFile; fileRef = 2BFFE2C123605A6D00010BA9 /* TYHBaseTool.podspec */; };
		2BFFE2CA23605B6A00010BA9 /* Extension_Button.swift in Sources */ = {isa = PBXBuildFile; fileRef = 2BFFE2C923605B6A00010BA9 /* Extension_Button.swift */; };
		2BFFE3442366DDBA00010BA9 /* Target_Button.swift in Sources */ = {isa = PBXBuildFile; fileRef = 2BFFE3432366DDBA00010BA9 /* Target_Button.swift */; };
		D9E61157F0A34E050CE38B3C /* Pods_TYHTool.framework in Frameworks */ = {isa = PBXBuildFile; fileRef = 949774F41F7583B4F822E704 /* Pods_TYHTool.framework */; };
/* End PBXBuildFile section */

/* Begin PBXFileReference section */
		2BFFE2AA2360596700010BA9 /* TYHTool.app */ = {isa = PBXFileReference; explicitFileType = wrapper.application; includeInIndex = 0; path = TYHTool.app; sourceTree = BUILT_PRODUCTS_DIR; };
		2BFFE2AD2360596700010BA9 /* AppDelegate.swift */ = {isa = PBXFileReference; lastKnownFileType = sourcecode.swift; path = AppDelegate.swift; sourceTree = "<group>"; };
		2BFFE2AF2360596700010BA9 /* SceneDelegate.swift */ = {isa = PBXFileReference; lastKnownFileType = sourcecode.swift; path = SceneDelegate.swift; sourceTree = "<group>"; };
		2BFFE2B12360596700010BA9 /* ViewController.swift */ = {isa = PBXFileReference; lastKnownFileType = sourcecode.swift; path = ViewController.swift; sourceTree = "<group>"; };
		2BFFE2B42360596700010BA9 /* Base */ = {isa = PBXFileReference; lastKnownFileType = file.storyboard; name = Base; path = Base.lproj/Main.storyboard; sourceTree = "<group>"; };
		2BFFE2B62360596A00010BA9 /* Assets.xcassets */ = {isa = PBXFileReference; lastKnownFileType = folder.assetcatalog; path = Assets.xcassets; sourceTree = "<group>"; };
		2BFFE2B92360596A00010BA9 /* Base */ = {isa = PBXFileReference; lastKnownFileType = file.storyboard; name = Base; path = Base.lproj/LaunchScreen.storyboard; sourceTree = "<group>"; };
		2BFFE2BB2360596A00010BA9 /* Info.plist */ = {isa = PBXFileReference; lastKnownFileType = text.plist.xml; path = Info.plist; sourceTree = "<group>"; };
		2BFFE2C123605A6D00010BA9 /* TYHBaseTool.podspec */ = {isa = PBXFileReference; fileEncoding = 4; lastKnownFileType = text; path = TYHBaseTool.podspec; sourceTree = "<group>"; };
		2BFFE2C923605B6A00010BA9 /* Extension_Button.swift */ = {isa = PBXFileReference; lastKnownFileType = sourcecode.swift; path = Extension_Button.swift; sourceTree = "<group>"; };
		2BFFE3432366DDBA00010BA9 /* Target_Button.swift */ = {isa = PBXFileReference; lastKnownFileType = sourcecode.swift; path = Target_Button.swift; sourceTree = "<group>"; };
		724B706CD309F091EBF25A97 /* Pods-TYHTool.debug.xcconfig */ = {isa = PBXFileReference; includeInIndex = 1; lastKnownFileType = text.xcconfig; name = "Pods-TYHTool.debug.xcconfig"; path = "Target Support Files/Pods-TYHTool/Pods-TYHTool.debug.xcconfig"; sourceTree = "<group>"; };
		949774F41F7583B4F822E704 /* Pods_TYHTool.framework */ = {isa = PBXFileReference; explicitFileType = wrapper.framework; includeInIndex = 0; path = Pods_TYHTool.framework; sourceTree = BUILT_PRODUCTS_DIR; };
		D15F61731EE7AB54F12188BF /* Pods-TYHTool.release.xcconfig */ = {isa = PBXFileReference; includeInIndex = 1; lastKnownFileType = text.xcconfig; name = "Pods-TYHTool.release.xcconfig"; path = "Target Support Files/Pods-TYHTool/Pods-TYHTool.release.xcconfig"; sourceTree = "<group>"; };
/* End PBXFileReference section */

/* Begin PBXFrameworksBuildPhase section */
		2BFFE2A72360596600010BA9 /* Frameworks */ = {
			isa = PBXFrameworksBuildPhase;
			buildActionMask = 2147483647;
			files = (
				D9E61157F0A34E050CE38B3C /* Pods_TYHTool.framework in Frameworks */,
			);
			runOnlyForDeploymentPostprocessing = 0;
		};
/* End PBXFrameworksBuildPhase section */

/* Begin PBXGroup section */
		2BFFE2A12360596600010BA9 = {
			isa = PBXGroup;
			children = (
				2BFFE2C223605A6D00010BA9 /* TYHBaseTool */,
				2BFFE2C123605A6D00010BA9 /* TYHBaseTool.podspec */,
				2BFFE2AC2360596700010BA9 /* TYHTool */,
				2BFFE2AB2360596700010BA9 /* Products */,
				F289B3EDE8F6A1AFCE14CBB7 /* Pods */,
				5833A853C3FF03175C6C92DA /* Frameworks */,
			);
			sourceTree = "<group>";
		};
		2BFFE2AB2360596700010BA9 /* Products */ = {
			isa = PBXGroup;
			children = (
				2BFFE2AA2360596700010BA9 /* TYHTool.app */,
			);
			name = Products;
			sourceTree = "<group>";
		};
		2BFFE2AC2360596700010BA9 /* TYHTool */ = {
			isa = PBXGroup;
			children = (
				2BFFE2AD2360596700010BA9 /* AppDelegate.swift */,
				2BFFE2AF2360596700010BA9 /* SceneDelegate.swift */,
				2BFFE2B12360596700010BA9 /* ViewController.swift */,
				2BFFE2B32360596700010BA9 /* Main.storyboard */,
				2BFFE2B62360596A00010BA9 /* Assets.xcassets */,
				2BFFE2B82360596A00010BA9 /* LaunchScreen.storyboard */,
				2BFFE2BB2360596A00010BA9 /* Info.plist */,
			);
			path = TYHTool;
			sourceTree = "<group>";
		};
		2BFFE2C223605A6D00010BA9 /* TYHBaseTool */ = {
			isa = PBXGroup;
			children = (
				2BFFE2C623605AB700010BA9 /* Classes */,
			);
			path = TYHBaseTool;
			sourceTree = "<group>";
		};
		2BFFE2C623605AB700010BA9 /* Classes */ = {
			isa = PBXGroup;
			children = (
				2BFFE2C723605ADB00010BA9 /* Extension */,
				2BFFE2C823605AEF00010BA9 /* Target */,
			);
			path = Classes;
			sourceTree = "<group>";
		};
		2BFFE2C723605ADB00010BA9 /* Extension */ = {
			isa = PBXGroup;
			children = (
				2BFFE2C923605B6A00010BA9 /* Extension_Button.swift */,
			);
			path = Extension;
			sourceTree = "<group>";
		};
		2BFFE2C823605AEF00010BA9 /* Target */ = {
			isa = PBXGroup;
			children = (
				2BFFE3432366DDBA00010BA9 /* Target_Button.swift */,
			);
			path = Target;
			sourceTree = "<group>";
		};
		5833A853C3FF03175C6C92DA /* Frameworks */ = {
			isa = PBXGroup;
			children = (
				949774F41F7583B4F822E704 /* Pods_TYHTool.framework */,
			);
			name = Frameworks;
			sourceTree = "<group>";
		};
		F289B3EDE8F6A1AFCE14CBB7 /* Pods */ = {
			isa = PBXGroup;
			children = (
				724B706CD309F091EBF25A97 /* Pods-TYHTool.debug.xcconfig */,
				D15F61731EE7AB54F12188BF /* Pods-TYHTool.release.xcconfig */,
			);
			path = Pods;
			sourceTree = "<group>";
		};
/* End PBXGroup section */

/* Begin PBXNativeTarget section */
		2BFFE2A92360596600010BA9 /* TYHTool */ = {
			isa = PBXNativeTarget;
			buildConfigurationList = 2BFFE2BE2360596A00010BA9 /* Build configuration list for PBXNativeTarget "TYHTool" */;
			buildPhases = (
				7A548E1ACF2F363E89DD2419 /* [CP] Check Pods Manifest.lock */,
				2BFFE2A62360596600010BA9 /* Sources */,
				2BFFE2A72360596600010BA9 /* Frameworks */,
				2BFFE2A82360596600010BA9 /* Resources */,
				E854BA96C404B4AFEEAE4D94 /* [CP] Embed Pods Frameworks */,
			);
			buildRules = (
			);
			dependencies = (
			);
			name = TYHTool;
			productName = TYHTool;
			productReference = 2BFFE2AA2360596700010BA9 /* TYHTool.app */;
			productType = "com.apple.product-type.application";
		};
/* End PBXNativeTarget section */

/* Begin PBXProject section */
		2BFFE2A22360596600010BA9 /* Project object */ = {
			isa = PBXProject;
			attributes = {
				LastSwiftUpdateCheck = 1110;
				LastUpgradeCheck = 1110;
				ORGANIZATIONNAME = "YaoHua Tan";
				TargetAttributes = {
					2BFFE2A92360596600010BA9 = {
						CreatedOnToolsVersion = 11.1;
					};
				};
			};
			buildConfigurationList = 2BFFE2A52360596600010BA9 /* Build configuration list for PBXProject "TYHTool" */;
			compatibilityVersion = "Xcode 9.3";
			developmentRegion = en;
			hasScannedForEncodings = 0;
			knownRegions = (
				en,
				Base,
			);
			mainGroup = 2BFFE2A12360596600010BA9;
			productRefGroup = 2BFFE2AB2360596700010BA9 /* Products */;
			projectDirPath = "";
			projectRoot = "";
			targets = (
				2BFFE2A92360596600010BA9 /* TYHTool */,
			);
		};
/* End PBXProject section */

/* Begin PBXResourcesBuildPhase section */
		2BFFE2A82360596600010BA9 /* Resources */ = {
			isa = PBXResourcesBuildPhase;
			buildActionMask = 2147483647;
			files = (
				2BFFE2BA2360596A00010BA9 /* LaunchScreen.storyboard in Resources */,
				2BFFE2C423605A6D00010BA9 /* TYHBaseTool.podspec in Resources */,
				2BFFE2B72360596A00010BA9 /* Assets.xcassets in Resources */,
				2BFFE2B52360596700010BA9 /* Main.storyboard in Resources */,
			);
			runOnlyForDeploymentPostprocessing = 0;
		};
/* End PBXResourcesBuildPhase section */

/* Begin PBXShellScriptBuildPhase section */
		7A548E1ACF2F363E89DD2419 /* [CP] Check Pods Manifest.lock */ = {
			isa = PBXShellScriptBuildPhase;
			buildActionMask = 2147483647;
			files = (
			);
			inputFileListPaths = (
			);
			inputPaths = (
				"${PODS_PODFILE_DIR_PATH}/Podfile.lock",
				"${PODS_ROOT}/Manifest.lock",
			);
			name = "[CP] Check Pods Manifest.lock";
			outputFileListPaths = (
			);
			outputPaths = (
				"$(DERIVED_FILE_DIR)/Pods-TYHTool-checkManifestLockResult.txt",
			);
			runOnlyForDeploymentPostprocessing = 0;
			shellPath = /bin/sh;
			shellScript = "diff \"${PODS_PODFILE_DIR_PATH}/Podfile.lock\" \"${PODS_ROOT}/Manifest.lock\" > /dev/null\nif [ $? != 0 ] ; then\n    # print error to STDERR\n    echo \"error: The sandbox is not in sync with the Podfile.lock. Run 'pod install' or update your CocoaPods installation.\" >&2\n    exit 1\nfi\n# This output is used by Xcode 'outputs' to avoid re-running this script phase.\necho \"SUCCESS\" > \"${SCRIPT_OUTPUT_FILE_0}\"\n";
			showEnvVarsInLog = 0;
		};
		E854BA96C404B4AFEEAE4D94 /* [CP] Embed Pods Frameworks */ = {
			isa = PBXShellScriptBuildPhase;
			buildActionMask = 2147483647;
			files = (
			);
			inputFileListPaths = (
				"${PODS_ROOT}/Target Support Files/Pods-TYHTool/Pods-TYHTool-frameworks-${CONFIGURATION}-input-files.xcfilelist",
			);
			name = "[CP] Embed Pods Frameworks";
			outputFileListPaths = (
				"${PODS_ROOT}/Target Support Files/Pods-TYHTool/Pods-TYHTool-frameworks-${CONFIGURATION}-output-files.xcfilelist",
			);
			runOnlyForDeploymentPostprocessing = 0;
			shellPath = /bin/sh;
			shellScript = "\"${PODS_ROOT}/Target Support Files/Pods-TYHTool/Pods-TYHTool-frameworks.sh\"\n";
			showEnvVarsInLog = 0;
		};
/* End PBXShellScriptBuildPhase section */

/* Begin PBXSourcesBuildPhase section */
		2BFFE2A62360596600010BA9 /* Sources */ = {
			isa = PBXSourcesBuildPhase;
			buildActionMask = 2147483647;
			files = (
				2BFFE2B22360596700010BA9 /* ViewController.swift in Sources */,
				2BFFE2CA23605B6A00010BA9 /* Extension_Button.swift in Sources */,
				2BFFE2AE2360596700010BA9 /* AppDelegate.swift in Sources */,
				2BFFE3442366DDBA00010BA9 /* Target_Button.swift in Sources */,
			);
			runOnlyForDeploymentPostprocessing = 0;
		};
/* End PBXSourcesBuildPhase section */

/* Begin PBXVariantGroup section */
		2BFFE2B32360596700010BA9 /* Main.storyboard */ = {
			isa = PBXVariantGroup;
			children = (
				2BFFE2B42360596700010BA9 /* Base */,
			);
			name = Main.storyboard;
			sourceTree = "<group>";
		};
		2BFFE2B82360596A00010BA9 /* LaunchScreen.storyboard */ = {
			isa = PBXVariantGroup;
			children = (
				2BFFE2B92360596A00010BA9 /* Base */,
			);
			name = LaunchScreen.storyboard;
			sourceTree = "<group>";
		};
/* End PBXVariantGroup section */

/* Begin XCBuildConfiguration section */
		2BFFE2BC2360596A00010BA9 /* Debug */ = {
			isa = XCBuildConfiguration;
			buildSettings = {
				ALWAYS_SEARCH_USER_PATHS = NO;
				CLANG_ANALYZER_NONNULL = YES;
				CLANG_ANALYZER_NUMBER_OBJECT_CONVERSION = YES_AGGRESSIVE;
				CLANG_CXX_LANGUAGE_STANDARD = "gnu++14";
				CLANG_CXX_LIBRARY = "libc++";
				CLANG_ENABLE_MODULES = YES;
				CLANG_ENABLE_OBJC_ARC = YES;
				CLANG_ENABLE_OBJC_WEAK = YES;
				CLANG_WARN_BLOCK_CAPTURE_AUTORELEASING = YES;
				CLANG_WARN_BOOL_CONVERSION = YES;
				CLANG_WARN_COMMA = YES;
				CLANG_WARN_CONSTANT_CONVERSION = YES;
				CLANG_WARN_DEPRECATED_OBJC_IMPLEMENTATIONS = YES;
				CLANG_WARN_DIRECT_OBJC_ISA_USAGE = YES_ERROR;
				CLANG_WARN_DOCUMENTATION_COMMENTS = YES;
				CLANG_WARN_EMPTY_BODY = YES;
				CLANG_WARN_ENUM_CONVERSION = YES;
				CLANG_WARN_INFINITE_RECURSION = YES;
				CLANG_WARN_INT_CONVERSION = YES;
				CLANG_WARN_NON_LITERAL_NULL_CONVERSION = YES;
				CLANG_WARN_OBJC_IMPLICIT_RETAIN_SELF = YES;
				CLANG_WARN_OBJC_LITERAL_CONVERSION = YES;
				CLANG_WARN_OBJC_ROOT_CLASS = YES_ERROR;
				CLANG_WARN_RANGE_LOOP_ANALYSIS = YES;
				CLANG_WARN_STRICT_PROTOTYPES = YES;
				CLANG_WARN_SUSPICIOUS_MOVE = YES;
				CLANG_WARN_UNGUARDED_AVAILABILITY = YES_AGGRESSIVE;
				CLANG_WARN_UNREACHABLE_CODE = YES;
				CLANG_WARN__DUPLICATE_METHOD_MATCH = YES;
				COPY_PHASE_STRIP = NO;
				DEBUG_INFORMATION_FORMAT = dwarf;
				ENABLE_STRICT_OBJC_MSGSEND = YES;
				ENABLE_TESTABILITY = YES;
				GCC_C_LANGUAGE_STANDARD = gnu11;
				GCC_DYNAMIC_NO_PIC = NO;
				GCC_NO_COMMON_BLOCKS = YES;
				GCC_OPTIMIZATION_LEVEL = 0;
				GCC_PREPROCESSOR_DEFINITIONS = (
					"DEBUG=1",
					"$(inherited)",
				);
				GCC_WARN_64_TO_32_BIT_CONVERSION = YES;
				GCC_WARN_ABOUT_RETURN_TYPE = YES_ERROR;
				GCC_WARN_UNDECLARED_SELECTOR = YES;
				GCC_WARN_UNINITIALIZED_AUTOS = YES_AGGRESSIVE;
				GCC_WARN_UNUSED_FUNCTION = YES;
				GCC_WARN_UNUSED_VARIABLE = YES;
				IPHONEOS_DEPLOYMENT_TARGET = 13.1;
				MTL_ENABLE_DEBUG_INFO = INCLUDE_SOURCE;
				MTL_FAST_MATH = YES;
				ONLY_ACTIVE_ARCH = YES;
				SDKROOT = iphoneos;
				SWIFT_ACTIVE_COMPILATION_CONDITIONS = DEBUG;
				SWIFT_OPTIMIZATION_LEVEL = "-Onone";
			};
			name = Debug;
		};
		2BFFE2BD2360596A00010BA9 /* Release */ = {
			isa = XCBuildConfiguration;
			buildSettings = {
				ALWAYS_SEARCH_USER_PATHS = NO;
				CLANG_ANALYZER_NONNULL = YES;
				CLANG_ANALYZER_NUMBER_OBJECT_CONVERSION = YES_AGGRESSIVE;
				CLANG_CXX_LANGUAGE_STANDARD = "gnu++14";
				CLANG_CXX_LIBRARY = "libc++";
				CLANG_ENABLE_MODULES = YES;
				CLANG_ENABLE_OBJC_ARC = YES;
				CLANG_ENABLE_OBJC_WEAK = YES;
				CLANG_WARN_BLOCK_CAPTURE_AUTORELEASING = YES;
				CLANG_WARN_BOOL_CONVERSION = YES;
				CLANG_WARN_COMMA = YES;
				CLANG_WARN_CONSTANT_CONVERSION = YES;
				CLANG_WARN_DEPRECATED_OBJC_IMPLEMENTATIONS = YES;
				CLANG_WARN_DIRECT_OBJC_ISA_USAGE = YES_ERROR;
				CLANG_WARN_DOCUMENTATION_COMMENTS = YES;
				CLANG_WARN_EMPTY_BODY = YES;
				CLANG_WARN_ENUM_CONVERSION = YES;
				CLANG_WARN_INFINITE_RECURSION = YES;
				CLANG_WARN_INT_CONVERSION = YES;
				CLANG_WARN_NON_LITERAL_NULL_CONVERSION = YES;
				CLANG_WARN_OBJC_IMPLICIT_RETAIN_SELF = YES;
				CLANG_WARN_OBJC_LITERAL_CONVERSION = YES;
				CLANG_WARN_OBJC_ROOT_CLASS = YES_ERROR;
				CLANG_WARN_RANGE_LOOP_ANALYSIS = YES;
				CLANG_WARN_STRICT_PROTOTYPES = YES;
				CLANG_WARN_SUSPICIOUS_MOVE = YES;
				CLANG_WARN_UNGUARDED_AVAILABILITY = YES_AGGRESSIVE;
				CLANG_WARN_UNREACHABLE_CODE = YES;
				CLANG_WARN__DUPLICATE_METHOD_MATCH = YES;
				COPY_PHASE_STRIP = NO;
				DEBUG_INFORMATION_FORMAT = "dwarf-with-dsym";
				ENABLE_NS_ASSERTIONS = NO;
				ENABLE_STRICT_OBJC_MSGSEND = YES;
				GCC_C_LANGUAGE_STANDARD = gnu11;
				GCC_NO_COMMON_BLOCKS = YES;
				GCC_WARN_64_TO_32_BIT_CONVERSION = YES;
				GCC_WARN_ABOUT_RETURN_TYPE = YES_ERROR;
				GCC_WARN_UNDECLARED_SELECTOR = YES;
				GCC_WARN_UNINITIALIZED_AUTOS = YES_AGGRESSIVE;
				GCC_WARN_UNUSED_FUNCTION = YES;
				GCC_WARN_UNUSED_VARIABLE = YES;
				IPHONEOS_DEPLOYMENT_TARGET = 13.1;
				MTL_ENABLE_DEBUG_INFO = NO;
				MTL_FAST_MATH = YES;
				SDKROOT = iphoneos;
				SWIFT_COMPILATION_MODE = wholemodule;
				SWIFT_OPTIMIZATION_LEVEL = "-O";
				VALIDATE_PRODUCT = YES;
			};
			name = Release;
		};
		2BFFE2BF2360596A00010BA9 /* Debug */ = {
			isa = XCBuildConfiguration;
			baseConfigurationReference = 724B706CD309F091EBF25A97 /* Pods-TYHTool.debug.xcconfig */;
			buildSettings = {
				ASSETCATALOG_COMPILER_APPICON_NAME = AppIcon;
				CODE_SIGN_STYLE = Automatic;
				DEVELOPMENT_TEAM = K5LE4LDJCG;
				INFOPLIST_FILE = TYHTool/Info.plist;
				IPHONEOS_DEPLOYMENT_TARGET = 9.0;
				LD_RUNPATH_SEARCH_PATHS = (
					"$(inherited)",
					"@executable_path/Frameworks",
				);
				PRODUCT_BUNDLE_IDENTIFIER = com.TYHTool;
				PRODUCT_NAME = "$(TARGET_NAME)";
				SWIFT_VERSION = 5.0;
				TARGETED_DEVICE_FAMILY = "1,2";
			};
			name = Debug;
		};
		2BFFE2C02360596A00010BA9 /* Release */ = {
			isa = XCBuildConfiguration;
			baseConfigurationReference = D15F61731EE7AB54F12188BF /* Pods-TYHTool.release.xcconfig */;
			buildSettings = {
				ASSETCATALOG_COMPILER_APPICON_NAME = AppIcon;
				CODE_SIGN_STYLE = Automatic;
				DEVELOPMENT_TEAM = K5LE4LDJCG;
				INFOPLIST_FILE = TYHTool/Info.plist;
				IPHONEOS_DEPLOYMENT_TARGET = 9.0;
				LD_RUNPATH_SEARCH_PATHS = (
					"$(inherited)",
					"@executable_path/Frameworks",
				);
				PRODUCT_BUNDLE_IDENTIFIER = com.TYHTool;
				PRODUCT_NAME = "$(TARGET_NAME)";
				SWIFT_VERSION = 5.0;
				TARGETED_DEVICE_FAMILY = "1,2";
			};
			name = Release;
		};
/* End XCBuildConfiguration section */

/* Begin XCConfigurationList section */
		2BFFE2A52360596600010BA9 /* Build configuration list for PBXProject "TYHTool" */ = {
			isa = XCConfigurationList;
			buildConfigurations = (
				2BFFE2BC2360596A00010BA9 /* Debug */,
				2BFFE2BD2360596A00010BA9 /* Release */,
			);
			defaultConfigurationIsVisible = 0;
			defaultConfigurationName = Release;
		};
		2BFFE2BE2360596A00010BA9 /* Build configuration list for PBXNativeTarget "TYHTool" */ = {
			isa = XCConfigurationList;
			buildConfigurations = (
				2BFFE2BF2360596A00010BA9 /* Debug */,
				2BFFE2C02360596A00010BA9 /* Release */,
			);
			defaultConfigurationIsVisible = 0;
			defaultConfigurationName = Release;
		};
/* End XCConfigurationList section */
	};
	rootObject = 2BFFE2A22360596600010BA9 /* Project object */;
}
